PODS:
  - Flutter (1.0.0)
  - flutter_present_video_player (0.0.1):
    - Flutter

DEPENDENCIES:
  - Flutter (from `Flutter`)
  - flutter_present_video_player (from `.symlinks/plugins/flutter_present_video_player/ios`)

EXTERNAL SOURCES:
  Flutter:
    :path: Flutter
  flutter_present_video_player:
    :path: ".symlinks/plugins/flutter_present_video_player/ios"

SPEC CHECKSUMS:
  Flutter: 0e3d915762c693b495b44d77113d4970485de6ec
  flutter_present_video_player: 4b87c21b978373d1a7adddc623dc771295a4fac5

PODFILE CHECKSUM: c34e2287a9ccaa606aeceab922830efb9a6ff69a

COCOAPODS: 1.9.1
